Microsoft Visual Studio Solution File, Format Version 12.00
# Visual Studio 2012
Project("{FAE04EC0-301F-11D3-BF4B-00C04F79EFBC}") = "shanimader", "shanimader.csproj", "{DBE87FD2-6C12-40A5-AFCD-F9CAE0D5BCFE}"
EndProject
Global
	GlobalSection(SolutionConfigurationPlatforms) = preSolution
	Debug|Any CPU = Debug|Any CPU
	ExportDebug|Any CPU = ExportDebug|Any CPU
	ExportRelease|Any CPU = ExportRelease|Any CPU
	EndGlobalSection
	GlobalSection(ProjectConfigurationPlatforms) = postSolution
		{DBE87FD2-6C12-40A5-AFCD-F9CAE0D5BCFE}.Debug|Any CPU.ActiveCfg = Debug|Any CPU
		{DBE87FD2-6C12-40A5-AFCD-F9CAE0D5BCFE}.Debug|Any CPU.Build.0 = Debug|Any CPU
		{DBE87FD2-6C12-40A5-AFCD-F9CAE0D5BCFE}.ExportDebug|Any CPU.ActiveCfg = ExportDebug|Any CPU
		{DBE87FD2-6C12-40A5-AFCD-F9CAE0D5BCFE}.ExportDebug|Any CPU.Build.0 = ExportDebug|Any CPU
		{DBE87FD2-6C12-40A5-AFCD-F9CAE0D5BCFE}.ExportRelease|Any CPU.ActiveCfg = ExportRelease|Any CPU
		{DBE87FD2-6C12-40A5-AFCD-F9CAE0D5BCFE}.ExportRelease|Any CPU.Build.0 = ExportRelease|Any CPU
	EndGlobalSection
EndGlobal
