Microsoft Visual Studio Solution File, Format Version 12.00
# Visual Studio 2012
Project("{FAE04EC0-301F-11D3-BF4B-00C04F79EFBC}") = "250216_Climate", "250216_Climate.csproj", "{B106B48A-AE9B-41C9-91E0-C3E9CDCB5201}"
EndProject
Global
	GlobalSection(SolutionConfigurationPlatforms) = preSolution
	Debug|Any CPU = Debug|Any CPU
	ExportDebug|Any CPU = ExportDebug|Any CPU
	ExportRelease|Any CPU = ExportRelease|Any CPU
	EndGlobalSection
	GlobalSection(ProjectConfigurationPlatforms) = postSolution
		{B106B48A-AE9B-41C9-91E0-C3E9CDCB5201}.Debug|Any CPU.ActiveCfg = Debug|Any CPU
		{B106B48A-AE9B-41C9-91E0-C3E9CDCB5201}.Debug|Any CPU.Build.0 = Debug|Any CPU
		{B106B48A-AE9B-41C9-91E0-C3E9CDCB5201}.ExportDebug|Any CPU.ActiveCfg = ExportDebug|Any CPU
		{B106B48A-AE9B-41C9-91E0-C3E9CDCB5201}.ExportDebug|Any CPU.Build.0 = ExportDebug|Any CPU
		{B106B48A-AE9B-41C9-91E0-C3E9CDCB5201}.ExportRelease|Any CPU.ActiveCfg = ExportRelease|Any CPU
		{B106B48A-AE9B-41C9-91E0-C3E9CDCB5201}.ExportRelease|Any CPU.Build.0 = ExportRelease|Any CPU
	EndGlobalSection
EndGlobal
